
Microsoft Visual Studio Solution File, Format Version 12.00
# Visual Studio Version 16
VisualStudioVersion = 16.0.33529.622
MinimumVisualStudioVersion = 10.0.40219.1
Project("{FAE04EC0-301F-11D3-BF4B-00C04F79EFBC}") = "Projetinho_Calculadora", "Calculadora_Windows3.0(Login_Version0.1)\Projetinho_Calculadora.csproj", "{4E654D03-6812-4299-BDDD-EEE6DE14AF3A}"
EndProject
Global
	GlobalSection(SolutionConfigurationPlatforms) = preSolution
		Debug|Any CPU = Debug|Any CPU
		Release|Any CPU = Release|Any CPU
	EndGlobalSection
	GlobalSection(ProjectConfigurationPlatforms) = postSolution
		{4E654D03-6812-4299-BDDD-EEE6DE14AF3A}.Debug|Any CPU.ActiveCfg = Debug|Any CPU
		{4E654D03-6812-4299-BDDD-EEE6DE14AF3A}.Debug|Any CPU.Build.0 = Debug|Any CPU
		{4E654D03-6812-4299-BDDD-EEE6DE14AF3A}.Release|Any CPU.ActiveCfg = Release|Any CPU
		{4E654D03-6812-4299-BDDD-EEE6DE14AF3A}.Release|Any CPU.Build.0 = Release|Any CPU
	EndGlobalSection
	GlobalSection(SolutionProperties) = preSolution
		HideSolutionNode = FALSE
	EndGlobalSection
	GlobalSection(ExtensibilityGlobals) = postSolution
		SolutionGuid = {6D740528-4257-488A-816D-234CF8A73FB6}
	EndGlobalSection
EndGlobal
